{
  "name": "dependency_manager_tr2",
  "version": "1.0.0",
  "lockfileVersion": 1,
  "requires": true,
  "dependencies": {
    "m1ner_test_package": {
      "version": "0.1.0",
      "resolved": "https://registry.npmjs.org/m1ner_test_package/-/m1ner_test_package-0.1.0.tgz",
      "integrity": "sha512-PRzGW4U7AjXmYkAm59ttD3bepiAk3t9DOqNmhIdFnf3Kvw275gQT37orhSlVbyV7A3rSrdXgit31uV1bhF/quw=="
    }
  }
}
